
Microsoft Visual Studio Solution File, Format Version 12.00
# Visual Studio Version 16
VisualStudioVersion = 16.0.30225.117
MinimumVisualStudioVersion = 10.0.40219.1
Project("{9A19103F-16F7-4668-BE54-9A1E7A4F7556}") = "UsersProducts", "UsersProducts\UsersProducts.csproj", "{AA261370-0396-49E4-9E58-F35ADEAE0A92}"
EndProject
Project("{9A19103F-16F7-4668-BE54-9A1E7A4F7556}") = "Shared", "Shared\Shared.csproj", "{9A81B1D2-B440-4FC3-9E46-E7567E6C7738}"
EndProject
Project("{9A19103F-16F7-4668-BE54-9A1E7A4F7556}") = "UsersProd", "UsersProd\UsersProd.csproj", "{51E859A2-85A4-4729-8D36-F3A4976FAD98}"
EndProject
Global
	GlobalSection(SolutionConfigurationPlatforms) = preSolution
		Debug|Any CPU = Debug|Any CPU
		Release|Any CPU = Release|Any CPU
	EndGlobalSection
	GlobalSection(ProjectConfigurationPlatforms) = postSolution
		{AA261370-0396-49E4-9E58-F35ADEAE0A92}.Debug|Any CPU.ActiveCfg = Debug|Any CPU
		{AA261370-0396-49E4-9E58-F35ADEAE0A92}.Debug|Any CPU.Build.0 = Debug|Any CPU
		{AA261370-0396-49E4-9E58-F35ADEAE0A92}.Release|Any CPU.ActiveCfg = Release|Any CPU
		{AA261370-0396-49E4-9E58-F35ADEAE0A92}.Release|Any CPU.Build.0 = Release|Any CPU
		{9A81B1D2-B440-4FC3-9E46-E7567E6C7738}.Debug|Any CPU.ActiveCfg = Debug|Any CPU
		{9A81B1D2-B440-4FC3-9E46-E7567E6C7738}.Debug|Any CPU.Build.0 = Debug|Any CPU
		{9A81B1D2-B440-4FC3-9E46-E7567E6C7738}.Release|Any CPU.ActiveCfg = Release|Any CPU
		{9A81B1D2-B440-4FC3-9E46-E7567E6C7738}.Release|Any CPU.Build.0 = Release|Any CPU
		{51E859A2-85A4-4729-8D36-F3A4976FAD98}.Debug|Any CPU.ActiveCfg = Debug|Any CPU
		{51E859A2-85A4-4729-8D36-F3A4976FAD98}.Debug|Any CPU.Build.0 = Debug|Any CPU
		{51E859A2-85A4-4729-8D36-F3A4976FAD98}.Release|Any CPU.ActiveCfg = Release|Any CPU
		{51E859A2-85A4-4729-8D36-F3A4976FAD98}.Release|Any CPU.Build.0 = Release|Any CPU
	EndGlobalSection
	GlobalSection(SolutionProperties) = preSolution
		HideSolutionNode = FALSE
	EndGlobalSection
	GlobalSection(ExtensibilityGlobals) = postSolution
		SolutionGuid = {667E1ABA-11B7-4C9C-8E22-24B4748BF019}
	EndGlobalSection
EndGlobal
